{
  "name": "@devfinops/cli-wrapper",
  "version": "0.1.0",
  "lockfileVersion": 3,
  "requires": true,
  "packages": {
    "": {
      "name": "@devfinops/cli-wrapper",
      "version": "0.1.0",
      "license": "UNLICENSED",
      "bin": {
        "devfinops-claude": "devfinops-claude.js"
      },
      "engines": {
        "node": ">=18"
      }
    }
  }
}
